
Microsoft Visual Studio Solution File, Format Version 12.00
# Visual Studio Version 16
VisualStudioVersion = 16.0.28822.285
MinimumVisualStudioVersion = 10.0.40219.1
Project("{FAE04EC0-301F-11D3-BF4B-00C04F79EFBC}") = "WebAPIAngular7CRUD", "WebAPIAngular7CRUD\WebAPIAngular7CRUD.csproj", "{7C9AF684-0DE4-4E3A-BB30-1A32F10D1F7C}"
EndProject
Global
	GlobalSection(SolutionConfigurationPlatforms) = preSolution
		Debug|Any CPU = Debug|Any CPU
		Release|Any CPU = Release|Any CPU
	EndGlobalSection
	GlobalSection(ProjectConfigurationPlatforms) = postSolution
		{7C9AF684-0DE4-4E3A-BB30-1A32F10D1F7C}.Debug|Any CPU.ActiveCfg = Debug|Any CPU
		{7C9AF684-0DE4-4E3A-BB30-1A32F10D1F7C}.Debug|Any CPU.Build.0 = Debug|Any CPU
		{7C9AF684-0DE4-4E3A-BB30-1A32F10D1F7C}.Release|Any CPU.ActiveCfg = Release|Any CPU
		{7C9AF684-0DE4-4E3A-BB30-1A32F10D1F7C}.Release|Any CPU.Build.0 = Release|Any CPU
	EndGlobalSection
	GlobalSection(SolutionProperties) = preSolution
		HideSolutionNode = FALSE
	EndGlobalSection
	GlobalSection(ExtensibilityGlobals) = postSolution
		SolutionGuid = {2BD384FD-072D-450B-AABA-33B96823781A}
	EndGlobalSection
EndGlobal
